
Microsoft Visual Studio Solution File, Format Version 12.00
# Visual Studio Version 17
VisualStudioVersion = 17.8.34330.188
MinimumVisualStudioVersion = 10.0.40219.1
Project("{9A19103F-16F7-4668-BE54-9A1E7A4F7556}") = "MyProject", "MyProject.csproj", "{64EBF752-CBBC-4926-9001-7B2CBF16E63F}"
EndProject
Project("{9A19103F-16F7-4668-BE54-9A1E7A4F7556}") = "DataAccess", "..\DataAccess\DataAccess.csproj", "{34DC69EA-4439-478F-9C6F-945018FC6C51}"
EndProject
Project("{9A19103F-16F7-4668-BE54-9A1E7A4F7556}") = "Models", "..\Modals\Models.csproj", "{4007FDE3-AB7C-4CF1-81F9-219CCD2B3578}"
EndProject
Project("{9A19103F-16F7-4668-BE54-9A1E7A4F7556}") = "Utility", "..\Utility\Utility.csproj", "{DC3602AC-99FE-4670-BFC0-56DD4ACF5A42}"
EndProject
Project("{FAE04EC0-301F-11D3-BF4B-00C04F79EFBC}") = "TrainingC#", "..\TrainingC#\TrainingC#.csproj", "{51A10BFD-2FB5-4B84-AF02-7C3AC70D7617}"
EndProject
Global
	GlobalSection(SolutionConfigurationPlatforms) = preSolution
		Debug|Any CPU = Debug|Any CPU
		Release|Any CPU = Release|Any CPU
	EndGlobalSection
	GlobalSection(ProjectConfigurationPlatforms) = postSolution
		{64EBF752-CBBC-4926-9001-7B2CBF16E63F}.Debug|Any CPU.ActiveCfg = Debug|Any CPU
		{64EBF752-CBBC-4926-9001-7B2CBF16E63F}.Debug|Any CPU.Build.0 = Debug|Any CPU
		{64EBF752-CBBC-4926-9001-7B2CBF16E63F}.Release|Any CPU.ActiveCfg = Release|Any CPU
		{64EBF752-CBBC-4926-9001-7B2CBF16E63F}.Release|Any CPU.Build.0 = Release|Any CPU
		{34DC69EA-4439-478F-9C6F-945018FC6C51}.Debug|Any CPU.ActiveCfg = Debug|Any CPU
		{34DC69EA-4439-478F-9C6F-945018FC6C51}.Debug|Any CPU.Build.0 = Debug|Any CPU
		{34DC69EA-4439-478F-9C6F-945018FC6C51}.Release|Any CPU.ActiveCfg = Release|Any CPU
		{34DC69EA-4439-478F-9C6F-945018FC6C51}.Release|Any CPU.Build.0 = Release|Any CPU
		{4007FDE3-AB7C-4CF1-81F9-219CCD2B3578}.Debug|Any CPU.ActiveCfg = Debug|Any CPU
		{4007FDE3-AB7C-4CF1-81F9-219CCD2B3578}.Debug|Any CPU.Build.0 = Debug|Any CPU
		{4007FDE3-AB7C-4CF1-81F9-219CCD2B3578}.Release|Any CPU.ActiveCfg = Release|Any CPU
		{4007FDE3-AB7C-4CF1-81F9-219CCD2B3578}.Release|Any CPU.Build.0 = Release|Any CPU
		{DC3602AC-99FE-4670-BFC0-56DD4ACF5A42}.Debug|Any CPU.ActiveCfg = Debug|Any CPU
		{DC3602AC-99FE-4670-BFC0-56DD4ACF5A42}.Debug|Any CPU.Build.0 = Debug|Any CPU
		{DC3602AC-99FE-4670-BFC0-56DD4ACF5A42}.Release|Any CPU.ActiveCfg = Release|Any CPU
		{DC3602AC-99FE-4670-BFC0-56DD4ACF5A42}.Release|Any CPU.Build.0 = Release|Any CPU
		{51A10BFD-2FB5-4B84-AF02-7C3AC70D7617}.Debug|Any CPU.ActiveCfg = Debug|Any CPU
		{51A10BFD-2FB5-4B84-AF02-7C3AC70D7617}.Debug|Any CPU.Build.0 = Debug|Any CPU
		{51A10BFD-2FB5-4B84-AF02-7C3AC70D7617}.Release|Any CPU.ActiveCfg = Release|Any CPU
		{51A10BFD-2FB5-4B84-AF02-7C3AC70D7617}.Release|Any CPU.Build.0 = Release|Any CPU
	EndGlobalSection
	GlobalSection(SolutionProperties) = preSolution
		HideSolutionNode = FALSE
	EndGlobalSection
	GlobalSection(ExtensibilityGlobals) = postSolution
		SolutionGuid = {C4925ABD-7070-427C-9D3F-8454A7F1BBFD}
	EndGlobalSection
EndGlobal
